
Microsoft Visual Studio Solution File, Format Version 12.00
# Visual Studio Version 17
VisualStudioVersion = 17.6.33815.320
MinimumVisualStudioVersion = 10.0.40219.1
Project("{FAE04EC0-301F-11D3-BF4B-00C04F79EFBC}") = "BakeryStock", "BakeryStock\BakeryStock.csproj", "{5A71D7A4-CFD6-4394-95A5-52523B08479C}"
EndProject
Global
	GlobalSection(SolutionConfigurationPlatforms) = preSolution
		Debug|Any CPU = Debug|Any CPU
		Release|Any CPU = Release|Any CPU
	EndGlobalSection
	GlobalSection(ProjectConfigurationPlatforms) = postSolution
		{5A71D7A4-CFD6-4394-95A5-52523B08479C}.Debug|Any CPU.ActiveCfg = Debug|Any CPU
		{5A71D7A4-CFD6-4394-95A5-52523B08479C}.Debug|Any CPU.Build.0 = Debug|Any CPU
		{5A71D7A4-CFD6-4394-95A5-52523B08479C}.Release|Any CPU.ActiveCfg = Release|Any CPU
		{5A71D7A4-CFD6-4394-95A5-52523B08479C}.Release|Any CPU.Build.0 = Release|Any CPU
	EndGlobalSection
	GlobalSection(SolutionProperties) = preSolution
		HideSolutionNode = FALSE
	EndGlobalSection
	GlobalSection(ExtensibilityGlobals) = postSolution
		SolutionGuid = {4A9BB081-9E02-4231-9117-4034D447119E}
	EndGlobalSection
EndGlobal
